// !$*UTF8*$!
{
	archiveVersion = 1;
	classes = {
	};
	objectVersion = 46;
	objects = {

/* Begin PBXBuildFile section */
		2A16A3A01AC5A8190007587D /* main.m in Sources */ = {isa = PBXBuildFile; fileRef = 2A16A39F1AC5A8190007587D /* main.m */; };
		2A16A3A31AC5A8190007587D /* AppDelegate.m in Sources */ = {isa = PBXBuildFile; fileRef = 2A16A3A21AC5A8190007587D /* AppDelegate.m */; };
		2A16A3A61AC5A8190007587D /* ViewController.m in Sources */ = {isa = PBXBuildFile; fileRef = 2A16A3A51AC5A8190007587D /* ViewController.m */; };
		2A16A3A91AC5A8190007587D /* Main.storyboard in Resources */ = {isa = PBXBuildFile; fileRef = 2A16A3A71AC5A8190007587D /* Main.storyboard */; };
		2A16A3AB1AC5A8190007587D /* Images.xcassets in Resources */ = {isa = PBXBuildFile; fileRef = 2A16A3AA1AC5A8190007587D /* Images.xcassets */; };
		2A16A3AE1AC5A8190007587D /* LaunchScreen.xib in Resources */ = {isa = PBXBuildFile; fileRef = 2A16A3AC1AC5A8190007587D /* LaunchScreen.xib */; };
		2A16A3BA1AC5A8190007587D /* ACNotificationObserverTests.m in Sources */ = {isa = PBXBuildFile; fileRef = 2A16A3B91AC5A8190007587D /* ACNotificationObserverTests.m */; };
		2A16A3C71AC5A8670007587D /* ACNotificationObserver.m in Sources */ = {isa = PBXBuildFile; fileRef = 2A16A3C61AC5A8670007587D /* ACNotificationObserver.m */; };
/* End PBXBuildFile section */

/* Begin PBXContainerItemProxy section */
		2A16A3B41AC5A8190007587D /* PBXContainerItemProxy */ = {
			isa = PBXContainerItemProxy;
			containerPortal = 2A16A3921AC5A8190007587D /* Project object */;
			proxyType = 1;
			remoteGlobalIDString = 2A16A3991AC5A8190007587D;
			remoteInfo = ACNotificationObserver;
		};
/* End PBXContainerItemProxy section */

/* Begin PBXFileReference section */
		2A16A39A1AC5A8190007587D /* ACNotificationObserver.app */ = {isa = PBXFileReference; explicitFileType = wrapper.application; includeInIndex = 0; path = ACNotificationObserver.app; sourceTree = BUILT_PRODUCTS_DIR; };
		2A16A39E1AC5A8190007587D /* Info.plist */ = {isa = PBXFileReference; lastKnownFileType = text.plist.xml; path = Info.plist; sourceTree = "<group>"; };
		2A16A39F1AC5A8190007587D /* main.m */ = {isa = PBXFileReference; lastKnownFileType = sourcecode.c.objc; path = main.m; sourceTree = "<group>"; };
		2A16A3A11AC5A8190007587D /* AppDelegate.h */ = {isa = PBXFileReference; lastKnownFileType = sourcecode.c.h; path = AppDelegate.h; sourceTree = "<group>"; };
		2A16A3A21AC5A8190007587D /* AppDelegate.m */ = {isa = PBXFileReference; lastKnownFileType = sourcecode.c.objc; path = AppDelegate.m; sourceTree = "<group>"; };
		2A16A3A41AC5A8190007587D /* ViewController.h */ = {isa = PBXFileReference; lastKnownFileType = sourcecode.c.h; path = ViewController.h; sourceTree = "<group>"; };
		2A16A3A51AC5A8190007587D /* ViewController.m */ = {isa = PBXFileReference; lastKnownFileType = sourcecode.c.objc; path = ViewController.m; sourceTree = "<group>"; };
		2A16A3A81AC5A8190007587D /* Base */ = {isa = PBXFileReference; lastKnownFileType = file.storyboard; name = Base; path = Base.lproj/Main.storyboard; sourceTree = "<group>"; };
		2A16A3AA1AC5A8190007587D /* Images.xcassets */ = {isa = PBXFileReference; lastKnownFileType = folder.assetcatalog; path = Images.xcassets; sourceTree = "<group>"; };
		2A16A3AD1AC5A8190007587D /* Base */ = {isa = PBXFileReference; lastKnownFileType = file.xib; name = Base; path = Base.lproj/LaunchScreen.xib; sourceTree = "<group>"; };
		2A16A3B31AC5A8190007587D /* ACNotificationObserverTests.xctest */ = {isa = PBXFileReference; explicitFileType = wrapper.cfbundle; includeInIndex = 0; path = ACNotificationObserverTests.xctest; sourceTree = BUILT_PRODUCTS_DIR; };
		2A16A3B81AC5A8190007587D /* Info.plist */ = {isa = PBXFileReference; lastKnownFileType = text.plist.xml; path = Info.plist; sourceTree = "<group>"; };
		2A16A3B91AC5A8190007587D /* ACNotificationObserverTests.m */ = {isa = PBXFileReference; lastKnownFileType = sourcecode.c.objc; path = ACNotificationObserverTests.m; sourceTree = "<group>"; };
		2A16A3C51AC5A8670007587D /* ACNotificationObserver.h */ = {isa = PBXFileReference; fileEncoding = 4; lastKnownFileType = sourcecode.c.h; path = ACNotificationObserver.h; sourceTree = "<group>"; };
		2A16A3C61AC5A8670007587D /* ACNotificationObserver.m */ = {isa = PBXFileReference; fileEncoding = 4; lastKnownFileType = sourcecode.c.objc; path = ACNotificationObserver.m; sourceTree = "<group>"; };
/* End PBXFileReference section */

/* Begin PBXFrameworksBuildPhase section */
		2A16A3971AC5A8190007587D /* Frameworks */ = {
			isa = PBXFrameworksBuildPhase;
			buildActionMask = 2147483647;
			files = (
			);
			runOnlyForDeploymentPostprocessing = 0;
		};
		2A16A3B01AC5A8190007587D /* Frameworks */ = {
			isa = PBXFrameworksBuildPhase;
			buildActionMask = 2147483647;
			files = (
			);
			runOnlyForDeploymentPostprocessing = 0;
		};
/* End PBXFrameworksBuildPhase section */

/* Begin PBXGroup section */
		2A16A3911AC5A8190007587D = {
			isa = PBXGroup;
			children = (
				2A16A39C1AC5A8190007587D /* ACNotificationObserver */,
				2A16A3B61AC5A8190007587D /* ACNotificationObserverTests */,
				2A16A39B1AC5A8190007587D /* Products */,
			);
			sourceTree = "<group>";
		};
		2A16A39B1AC5A8190007587D /* Products */ = {
			isa = PBXGroup;
			children = (
				2A16A39A1AC5A8190007587D /* ACNotificationObserver.app */,
				2A16A3B31AC5A8190007587D /* ACNotificationObserverTests.xctest */,
			);
			name = Products;
			sourceTree = "<group>";
		};
		2A16A39C1AC5A8190007587D /* ACNotificationObserver */ = {
			isa = PBXGroup;
			children = (
				2A16A3C31AC5A8670007587D /* Vendor */,
				2A16A3A11AC5A8190007587D /* AppDelegate.h */,
				2A16A3A21AC5A8190007587D /* AppDelegate.m */,
				2A16A3A41AC5A8190007587D /* ViewController.h */,
				2A16A3A51AC5A8190007587D /* ViewController.m */,
				2A16A3A71AC5A8190007587D /* Main.storyboard */,
				2A16A3AA1AC5A8190007587D /* Images.xcassets */,
				2A16A3AC1AC5A8190007587D /* LaunchScreen.xib */,
				2A16A39D1AC5A8190007587D /* Supporting Files */,
			);
			path = ACNotificationObserver;
			sourceTree = "<group>";
		};
		2A16A39D1AC5A8190007587D /* Supporting Files */ = {
			isa = PBXGroup;
			children = (
				2A16A39E1AC5A8190007587D /* Info.plist */,
				2A16A39F1AC5A8190007587D /* main.m */,
			);
			name = "Supporting Files";
			sourceTree = "<group>";
		};
		2A16A3B61AC5A8190007587D /* ACNotificationObserverTests */ = {
			isa = PBXGroup;
			children = (
				2A16A3B91AC5A8190007587D /* ACNotificationObserverTests.m */,
				2A16A3B71AC5A8190007587D /* Supporting Files */,
			);
			path = ACNotificationObserverTests;
			sourceTree = "<group>";
		};
		2A16A3B71AC5A8190007587D /* Supporting Files */ = {
			isa = PBXGroup;
			children = (
				2A16A3B81AC5A8190007587D /* Info.plist */,
			);
			name = "Supporting Files";
			sourceTree = "<group>";
		};
		2A16A3C31AC5A8670007587D /* Vendor */ = {
			isa = PBXGroup;
			children = (
				2A16A3C41AC5A8670007587D /* ACNotificationObserver */,
			);
			path = Vendor;
			sourceTree = "<group>";
		};
		2A16A3C41AC5A8670007587D /* ACNotificationObserver */ = {
			isa = PBXGroup;
			children = (
				2A16A3C51AC5A8670007587D /* ACNotificationObserver.h */,
				2A16A3C61AC5A8670007587D /* ACNotificationObserver.m */,
			);
			path = ACNotificationObserver;
			sourceTree = "<group>";
		};
/* End PBXGroup section */

/* Begin PBXNativeTarget section */
		2A16A3991AC5A8190007587D /* ACNotificationObserver */ = {
			isa = PBXNativeTarget;
			buildConfigurationList = 2A16A3BD1AC5A8190007587D /* Build configuration list for PBXNativeTarget "ACNotificationObserver" */;
			buildPhases = (
				2A16A3961AC5A8190007587D /* Sources */,
				2A16A3971AC5A8190007587D /* Frameworks */,
				2A16A3981AC5A8190007587D /* Resources */,
			);
			buildRules = (
			);
			dependencies = (
			);
			name = ACNotificationObserver;
			productName = ACNotificationObserver;
			productReference = 2A16A39A1AC5A8190007587D /* ACNotificationObserver.app */;
			productType = "com.apple.product-type.application";
		};
		2A16A3B21AC5A8190007587D /* ACNotificationObserverTests */ = {
			isa = PBXNativeTarget;
			buildConfigurationList = 2A16A3C01AC5A8190007587D /* Build configuration list for PBXNativeTarget "ACNotificationObserverTests" */;
			buildPhases = (
				2A16A3AF1AC5A8190007587D /* Sources */,
				2A16A3B01AC5A8190007587D /* Frameworks */,
				2A16A3B11AC5A8190007587D /* Resources */,
			);
			buildRules = (
			);
			dependencies = (
				2A16A3B51AC5A8190007587D /* PBXTargetDependency */,
			);
			name = ACNotificationObserverTests;
			productName = ACNotificationObserverTests;
			productReference = 2A16A3B31AC5A8190007587D /* ACNotificationObserverTests.xctest */;
			productType = "com.apple.product-type.bundle.unit-test";
		};
/* End PBXNativeTarget section */

/* Begin PBXProject section */
		2A16A3921AC5A8190007587D /* Project object */ = {
			isa = PBXProject;
			attributes = {
				LastUpgradeCheck = 0620;
				ORGANIZATIONNAME = ac;
				TargetAttributes = {
					2A16A3991AC5A8190007587D = {
						CreatedOnToolsVersion = 6.2;
					};
					2A16A3B21AC5A8190007587D = {
						CreatedOnToolsVersion = 6.2;
						TestTargetID = 2A16A3991AC5A8190007587D;
					};
				};
			};
			buildConfigurationList = 2A16A3951AC5A8190007587D /* Build configuration list for PBXProject "ACNotificationObserver" */;
			compatibilityVersion = "Xcode 3.2";
			developmentRegion = English;
			hasScannedForEncodings = 0;
			knownRegions = (
				en,
				Base,
			);
			mainGroup = 2A16A3911AC5A8190007587D;
			productRefGroup = 2A16A39B1AC5A8190007587D /* Products */;
			projectDirPath = "";
			projectRoot = "";
			targets = (
				2A16A3991AC5A8190007587D /* ACNotificationObserver */,
				2A16A3B21AC5A8190007587D /* ACNotificationObserverTests */,
			);
		};
/* End PBXProject section */

/* Begin PBXResourcesBuildPhase section */
		2A16A3981AC5A8190007587D /* Resources */ = {
			isa = PBXResourcesBuildPhase;
			buildActionMask = 2147483647;
			files = (
				2A16A3A91AC5A8190007587D /* Main.storyboard in Resources */,
				2A16A3AE1AC5A8190007587D /* LaunchScreen.xib in Resources */,
				2A16A3AB1AC5A8190007587D /* Images.xcassets in Resources */,
			);
			runOnlyForDeploymentPostprocessing = 0;
		};
		2A16A3B11AC5A8190007587D /* Resources */ = {
			isa = PBXResourcesBuildPhase;
			buildActionMask = 2147483647;
			files = (
			);
			runOnlyForDeploymentPostprocessing = 0;
		};
/* End PBXResourcesBuildPhase section */

/* Begin PBXSourcesBuildPhase section */
		2A16A3961AC5A8190007587D /* Sources */ = {
			isa = PBXSourcesBuildPhase;
			buildActionMask = 2147483647;
			files = (
				2A16A3A61AC5A8190007587D /* ViewController.m in Sources */,
				2A16A3A31AC5A8190007587D /* AppDelegate.m in Sources */,
				2A16A3C71AC5A8670007587D /* ACNotificationObserver.m in Sources */,
				2A16A3A01AC5A8190007587D /* main.m in Sources */,
			);
			runOnlyForDeploymentPostprocessing = 0;
		};
		2A16A3AF1AC5A8190007587D /* Sources */ = {
			isa = PBXSourcesBuildPhase;
			buildActionMask = 2147483647;
			files = (
				2A16A3BA1AC5A8190007587D /* ACNotificationObserverTests.m in Sources */,
			);
			runOnlyForDeploymentPostprocessing = 0;
		};
/* End PBXSourcesBuildPhase section */

/* Begin PBXTargetDependency section */
		2A16A3B51AC5A8190007587D /* PBXTargetDependency */ = {
			isa = PBXTargetDependency;
			target = 2A16A3991AC5A8190007587D /* ACNotificationObserver */;
			targetProxy = 2A16A3B41AC5A8190007587D /* PBXContainerItemProxy */;
		};
/* End PBXTargetDependency section */

/* Begin PBXVariantGroup section */
		2A16A3A71AC5A8190007587D /* Main.storyboard */ = {
			isa = PBXVariantGroup;
			children = (
				2A16A3A81AC5A8190007587D /* Base */,
			);
			name = Main.storyboard;
			sourceTree = "<group>";
		};
		2A16A3AC1AC5A8190007587D /* LaunchScreen.xib */ = {
			isa = PBXVariantGroup;
			children = (
				2A16A3AD1AC5A8190007587D /* Base */,
			);
			name = LaunchScreen.xib;
			sourceTree = "<group>";
		};
/* End PBXVariantGroup section */

/* Begin XCBuildConfiguration section */
		2A16A3BB1AC5A8190007587D /* Debug */ = {
			isa = XCBuildConfiguration;
			buildSettings = {
				ALWAYS_SEARCH_USER_PATHS = NO;
				CLANG_CXX_LANGUAGE_STANDARD = "gnu++0x";
				CLANG_CXX_LIBRARY = "libc++";
				CLANG_ENABLE_MODULES = YES;
				CLANG_ENABLE_OBJC_ARC = YES;
				CLANG_WARN_BOOL_CONVERSION = YES;
				CLANG_WARN_CONSTANT_CONVERSION = YES;
				CLANG_WARN_DIRECT_OBJC_ISA_USAGE = YES_ERROR;
				CLANG_WARN_EMPTY_BODY = YES;
				CLANG_WARN_ENUM_CONVERSION = YES;
				CLANG_WARN_INT_CONVERSION = YES;
				CLANG_WARN_OBJC_ROOT_CLASS = YES_ERROR;
				CLANG_WARN_UNREACHABLE_CODE = YES;
				CLANG_WARN__DUPLICATE_METHOD_MATCH = YES;
				"CODE_SIGN_IDENTITY[sdk=iphoneos*]" = "iPhone Developer";
				COPY_PHASE_STRIP = NO;
				ENABLE_STRICT_OBJC_MSGSEND = YES;
				GCC_C_LANGUAGE_STANDARD = gnu99;
				GCC_DYNAMIC_NO_PIC = NO;
				GCC_OPTIMIZATION_LEVEL = 0;
				GCC_PREPROCESSOR_DEFINITIONS = (
					"DEBUG=1",
					"$(inherited)",
				);
				GCC_SYMBOLS_PRIVATE_EXTERN = NO;
				GCC_WARN_64_TO_32_BIT_CONVERSION = YES;
				GCC_WARN_ABOUT_RETURN_TYPE = YES_ERROR;
				GCC_WARN_UNDECLARED_SELECTOR = YES;
				GCC_WARN_UNINITIALIZED_AUTOS = YES_AGGRESSIVE;
				GCC_WARN_UNUSED_FUNCTION = YES;
				GCC_WARN_UNUSED_VARIABLE = YES;
				IPHONEOS_DEPLOYMENT_TARGET = 7.0;
				MTL_ENABLE_DEBUG_INFO = YES;
				ONLY_ACTIVE_ARCH = YES;
				SDKROOT = iphoneos;
				TARGETED_DEVICE_FAMILY = "1,2";
			};
			name = Debug;
		};
		2A16A3BC1AC5A8190007587D /* Release */ = {
			isa = XCBuildConfiguration;
			buildSettings = {
				ALWAYS_SEARCH_USER_PATHS = NO;
				CLANG_CXX_LANGUAGE_STANDARD = "gnu++0x";
				CLANG_CXX_LIBRARY = "libc++";
				CLANG_ENABLE_MODULES = YES;
				CLANG_ENABLE_OBJC_ARC = YES;
				CLANG_WARN_BOOL_CONVERSION = YES;
				CLANG_WARN_CONSTANT_CONVERSION = YES;
				CLANG_WARN_DIRECT_OBJC_ISA_USAGE = YES_ERROR;
				CLANG_WARN_EMPTY_BODY = YES;
				CLANG_WARN_ENUM_CONVERSION = YES;
				CLANG_WARN_INT_CONVERSION = YES;
				CLANG_WARN_OBJC_ROOT_CLASS = YES_ERROR;
				CLANG_WARN_UNREACHABLE_CODE = YES;
				CLANG_WARN__DUPLICATE_METHOD_MATCH = YES;
				"CODE_SIGN_IDENTITY[sdk=iphoneos*]" = "iPhone Developer";
				COPY_PHASE_STRIP = NO;
				ENABLE_NS_ASSERTIONS = NO;
				ENABLE_STRICT_OBJC_MSGSEND = YES;
				GCC_C_LANGUAGE_STANDARD = gnu99;
				GCC_WARN_64_TO_32_BIT_CONVERSION = YES;
				GCC_WARN_ABOUT_RETURN_TYPE = YES_ERROR;
				GCC_WARN_UNDECLARED_SELECTOR = YES;
				GCC_WARN_UNINITIALIZED_AUTOS = YES_AGGRESSIVE;
				GCC_WARN_UNUSED_FUNCTION = YES;
				GCC_WARN_UNUSED_VARIABLE = YES;
				IPHONEOS_DEPLOYMENT_TARGET = 7.0;
				MTL_ENABLE_DEBUG_INFO = NO;
				SDKROOT = iphoneos;
				TARGETED_DEVICE_FAMILY = "1,2";
				VALIDATE_PRODUCT = YES;
			};
			name = Release;
		};
		2A16A3BE1AC5A8190007587D /* Debug */ = {
			isa = XCBuildConfiguration;
			buildSettings = {
				ASSETCATALOG_COMPILER_APPICON_NAME = AppIcon;
				INFOPLIST_FILE = ACNotificationObserver/Info.plist;
				IPHONEOS_DEPLOYMENT_TARGET = 7.0;
				LD_RUNPATH_SEARCH_PATHS = "$(inherited) @executable_path/Frameworks";
				PRODUCT_NAME = "$(TARGET_NAME)";
			};
			name = Debug;
		};
		2A16A3BF1AC5A8190007587D /* Release */ = {
			isa = XCBuildConfiguration;
			buildSettings = {
				ASSETCATALOG_COMPILER_APPICON_NAME = AppIcon;
				INFOPLIST_FILE = ACNotificationObserver/Info.plist;
				IPHONEOS_DEPLOYMENT_TARGET = 7.0;
				LD_RUNPATH_SEARCH_PATHS = "$(inherited) @executable_path/Frameworks";
				PRODUCT_NAME = "$(TARGET_NAME)";
			};
			name = Release;
		};
		2A16A3C11AC5A8190007587D /* Debug */ = {
			isa = XCBuildConfiguration;
			buildSettings = {
				BUNDLE_LOADER = "$(TEST_HOST)";
				FRAMEWORK_SEARCH_PATHS = (
					"$(SDKROOT)/Developer/Library/Frameworks",
					"$(inherited)",
				);
				GCC_PREPROCESSOR_DEFINITIONS = (
					"DEBUG=1",
					"$(inherited)",
				);
				INFOPLIST_FILE = ACNotificationObserverTests/Info.plist;
				LD_RUNPATH_SEARCH_PATHS = "$(inherited) @executable_path/Frameworks @loader_path/Frameworks";
				PRODUCT_NAME = "$(TARGET_NAME)";
				TEST_HOST = "$(BUILT_PRODUCTS_DIR)/ACNotificationObserver.app/ACNotificationObserver";
			};
			name = Debug;
		};
		2A16A3C21AC5A8190007587D /* Release */ = {
			isa = XCBuildConfiguration;
			buildSettings = {
				BUNDLE_LOADER = "$(TEST_HOST)";
				FRAMEWORK_SEARCH_PATHS = (
					"$(SDKROOT)/Developer/Library/Frameworks",
					"$(inherited)",
				);
				INFOPLIST_FILE = ACNotificationObserverTests/Info.plist;
				LD_RUNPATH_SEARCH_PATHS = "$(inherited) @executable_path/Frameworks @loader_path/Frameworks";
				PRODUCT_NAME = "$(TARGET_NAME)";
				TEST_HOST = "$(BUILT_PRODUCTS_DIR)/ACNotificationObserver.app/ACNotificationObserver";
			};
			name = Release;
		};
/* End XCBuildConfiguration section */

/* Begin XCConfigurationList section */
		2A16A3951AC5A8190007587D /* Build configuration list for PBXProject "ACNotificationObserver" */ = {
			isa = XCConfigurationList;
			buildConfigurations = (
				2A16A3BB1AC5A8190007587D /* Debug */,
				2A16A3BC1AC5A8190007587D /* Release */,
			);
			defaultConfigurationIsVisible = 0;
			defaultConfigurationName = Release;
		};
		2A16A3BD1AC5A8190007587D /* Build configuration list for PBXNativeTarget "ACNotificationObserver" */ = {
			isa = XCConfigurationList;
			buildConfigurations = (
				2A16A3BE1AC5A8190007587D /* Debug */,
				2A16A3BF1AC5A8190007587D /* Release */,
			);
			defaultConfigurationIsVisible = 0;
		};
		2A16A3C01AC5A8190007587D /* Build configuration list for PBXNativeTarget "ACNotificationObserverTests" */ = {
			isa = XCConfigurationList;
			buildConfigurations = (
				2A16A3C11AC5A8190007587D /* Debug */,
				2A16A3C21AC5A8190007587D /* Release */,
			);
			defaultConfigurationIsVisible = 0;
		};
/* End XCConfigurationList section */
	};
	rootObject = 2A16A3921AC5A8190007587D /* Project object */;
}
